
Microsoft Visual Studio Solution File, Format Version 12.00
# Visual Studio Version 17
VisualStudioVersion = 17.13.35931.197 d17.13
MinimumVisualStudioVersion = 10.0.40219.1
Project("{FAE04EC0-301F-11D3-BF4B-00C04F79EFBC}") = "WpfHaven", "WpfHaven.csproj", "{CE80DF93-DBEF-4ACA-AB82-3E20FDCF086B}"
EndProject
Project("{8BC9CEB8-8B4A-11D0-8D11-00A0C91BC942}") = "Solver", "..\..\Solver\Solver.vcxproj", "{106C5E5D-626F-486C-A21A-24F44D69CC99}"
EndProject
Project("{8BC9CEB8-8B4A-11D0-8D11-00A0C91BC942}") = "ManagedSolver", "..\..\Solver\ManagedSolver\ManagedSolver.vcxproj", "{74C8F5A7-20E0-401C-A4A8-48D6AEBF29CD}"
EndProject
Project("{FAE04EC0-301F-11D3-BF4B-00C04F79EFBC}") = "SolverGUI", "..\SolverGUI\SolverGUI.csproj", "{0E25217F-0A1D-4EC5-B22A-99751EA6BDEF}"
EndProject
Global
	GlobalSection(SolutionConfigurationPlatforms) = preSolution
		Debug|Any CPU = Debug|Any CPU
		Debug|x64 = Debug|x64
		Debug|x86 = Debug|x86
		Release|Any CPU = Release|Any CPU
		Release|x64 = Release|x64
		Release|x86 = Release|x86
	EndGlobalSection
	GlobalSection(ProjectConfigurationPlatforms) = postSolution
		{CE80DF93-DBEF-4ACA-AB82-3E20FDCF086B}.Debug|Any CPU.ActiveCfg = Debug|Any CPU
		{CE80DF93-DBEF-4ACA-AB82-3E20FDCF086B}.Debug|Any CPU.Build.0 = Debug|Any CPU
		{CE80DF93-DBEF-4ACA-AB82-3E20FDCF086B}.Debug|x64.ActiveCfg = Debug|x64
		{CE80DF93-DBEF-4ACA-AB82-3E20FDCF086B}.Debug|x64.Build.0 = Debug|x64
		{CE80DF93-DBEF-4ACA-AB82-3E20FDCF086B}.Debug|x86.ActiveCfg = Debug|Any CPU
		{CE80DF93-DBEF-4ACA-AB82-3E20FDCF086B}.Debug|x86.Build.0 = Debug|Any CPU
		{CE80DF93-DBEF-4ACA-AB82-3E20FDCF086B}.Release|Any CPU.ActiveCfg = Release|Any CPU
		{CE80DF93-DBEF-4ACA-AB82-3E20FDCF086B}.Release|Any CPU.Build.0 = Release|Any CPU
		{CE80DF93-DBEF-4ACA-AB82-3E20FDCF086B}.Release|x64.ActiveCfg = Release|x64
		{CE80DF93-DBEF-4ACA-AB82-3E20FDCF086B}.Release|x64.Build.0 = Release|x64
		{CE80DF93-DBEF-4ACA-AB82-3E20FDCF086B}.Release|x86.ActiveCfg = Release|Any CPU
		{CE80DF93-DBEF-4ACA-AB82-3E20FDCF086B}.Release|x86.Build.0 = Release|Any CPU
		{106C5E5D-626F-486C-A21A-24F44D69CC99}.Debug|Any CPU.ActiveCfg = Debug|Win32
		{106C5E5D-626F-486C-A21A-24F44D69CC99}.Debug|Any CPU.Build.0 = Debug|Win32
		{106C5E5D-626F-486C-A21A-24F44D69CC99}.Debug|x64.ActiveCfg = Debug|x64
		{106C5E5D-626F-486C-A21A-24F44D69CC99}.Debug|x64.Build.0 = Debug|x64
		{106C5E5D-626F-486C-A21A-24F44D69CC99}.Debug|x86.ActiveCfg = Debug|Win32
		{106C5E5D-626F-486C-A21A-24F44D69CC99}.Debug|x86.Build.0 = Debug|Win32
		{106C5E5D-626F-486C-A21A-24F44D69CC99}.Release|Any CPU.ActiveCfg = Release|Win32
		{106C5E5D-626F-486C-A21A-24F44D69CC99}.Release|x64.ActiveCfg = Release|x64
		{106C5E5D-626F-486C-A21A-24F44D69CC99}.Release|x64.Build.0 = Release|x64
		{106C5E5D-626F-486C-A21A-24F44D69CC99}.Release|x86.ActiveCfg = Release|Win32
		{106C5E5D-626F-486C-A21A-24F44D69CC99}.Release|x86.Build.0 = Release|Win32
		{74C8F5A7-20E0-401C-A4A8-48D6AEBF29CD}.Debug|Any CPU.ActiveCfg = Debug|Win32
		{74C8F5A7-20E0-401C-A4A8-48D6AEBF29CD}.Debug|Any CPU.Build.0 = Debug|Win32
		{74C8F5A7-20E0-401C-A4A8-48D6AEBF29CD}.Debug|x64.ActiveCfg = Debug|x64
		{74C8F5A7-20E0-401C-A4A8-48D6AEBF29CD}.Debug|x64.Build.0 = Debug|x64
		{74C8F5A7-20E0-401C-A4A8-48D6AEBF29CD}.Debug|x86.ActiveCfg = Debug|Win32
		{74C8F5A7-20E0-401C-A4A8-48D6AEBF29CD}.Debug|x86.Build.0 = Debug|Win32
		{74C8F5A7-20E0-401C-A4A8-48D6AEBF29CD}.Release|Any CPU.ActiveCfg = Release|Win32
		{74C8F5A7-20E0-401C-A4A8-48D6AEBF29CD}.Release|x64.ActiveCfg = Release|x64
		{74C8F5A7-20E0-401C-A4A8-48D6AEBF29CD}.Release|x64.Build.0 = Release|x64
		{74C8F5A7-20E0-401C-A4A8-48D6AEBF29CD}.Release|x86.ActiveCfg = Release|Win32
		{74C8F5A7-20E0-401C-A4A8-48D6AEBF29CD}.Release|x86.Build.0 = Release|Win32
		{0E25217F-0A1D-4EC5-B22A-99751EA6BDEF}.Debug|Any CPU.ActiveCfg = Debug|Any CPU
		{0E25217F-0A1D-4EC5-B22A-99751EA6BDEF}.Debug|Any CPU.Build.0 = Debug|Any CPU
		{0E25217F-0A1D-4EC5-B22A-99751EA6BDEF}.Debug|x64.ActiveCfg = Debug|x64
		{0E25217F-0A1D-4EC5-B22A-99751EA6BDEF}.Debug|x64.Build.0 = Debug|x64
		{0E25217F-0A1D-4EC5-B22A-99751EA6BDEF}.Debug|x86.ActiveCfg = Debug|Any CPU
		{0E25217F-0A1D-4EC5-B22A-99751EA6BDEF}.Debug|x86.Build.0 = Debug|Any CPU
		{0E25217F-0A1D-4EC5-B22A-99751EA6BDEF}.Release|Any CPU.ActiveCfg = Release|Any CPU
		{0E25217F-0A1D-4EC5-B22A-99751EA6BDEF}.Release|Any CPU.Build.0 = Release|Any CPU
		{0E25217F-0A1D-4EC5-B22A-99751EA6BDEF}.Release|x64.ActiveCfg = Release|Any CPU
		{0E25217F-0A1D-4EC5-B22A-99751EA6BDEF}.Release|x64.Build.0 = Release|Any CPU
		{0E25217F-0A1D-4EC5-B22A-99751EA6BDEF}.Release|x86.ActiveCfg = Release|Any CPU
		{0E25217F-0A1D-4EC5-B22A-99751EA6BDEF}.Release|x86.Build.0 = Release|Any CPU
	EndGlobalSection
	GlobalSection(SolutionProperties) = preSolution
		HideSolutionNode = FALSE
	EndGlobalSection
	GlobalSection(ExtensibilityGlobals) = postSolution
		SolutionGuid = {834DE9BD-968E-4BB1-A45C-18451E850753}
	EndGlobalSection
EndGlobal
